
Microsoft Visual Studio Solution File, Format Version 12.00
# Visual Studio Version 16
VisualStudioVersion = 16.0.29411.108
MinimumVisualStudioVersion = 10.0.40219.1
Project("{9A19103F-16F7-4668-BE54-9A1E7A4F7556}") = "Penguin.Cms.Web.Analytics", "Penguin.Cms.Web.Analytics.csproj", "{B16B5371-F2A7-4FE5-B5B2-B34F47A2B063}"
EndProject
Global
	GlobalSection(SolutionConfigurationPlatforms) = preSolution
		Debug|Any CPU = Debug|Any CPU
		Release|Any CPU = Release|Any CPU
	EndGlobalSection
	GlobalSection(ProjectConfigurationPlatforms) = postSolution
		{B16B5371-F2A7-4FE5-B5B2-B34F47A2B063}.Debug|Any CPU.ActiveCfg = Debug|Any CPU
		{B16B5371-F2A7-4FE5-B5B2-B34F47A2B063}.Debug|Any CPU.Build.0 = Debug|Any CPU
		{B16B5371-F2A7-4FE5-B5B2-B34F47A2B063}.Release|Any CPU.ActiveCfg = Release|Any CPU
		{B16B5371-F2A7-4FE5-B5B2-B34F47A2B063}.Release|Any CPU.Build.0 = Release|Any CPU
	EndGlobalSection
	GlobalSection(SolutionProperties) = preSolution
		HideSolutionNode = FALSE
	EndGlobalSection
	GlobalSection(ExtensibilityGlobals) = postSolution
		SolutionGuid = {81A4BBA1-51B2-4AE3-B6DB-D217F40C479E}
	EndGlobalSection
EndGlobal
