
Microsoft Visual Studio Solution File, Format Version 12.00
# Visual Studio 15
VisualStudioVersion = 15.0.26124.0
MinimumVisualStudioVersion = 15.0.26124.0
Project("{FAE04EC0-301F-11D3-BF4B-00C04F79EFBC}") = "Penguin.Cms.Web.Analytics.Local", "Penguin.Cms.Web.Analytics.Local.csproj", "{D1DD25C7-FC39-4E72-876C-FC3E8C7ED164}"
EndProject
Project("{FAE04EC0-301F-11D3-BF4B-00C04F79EFBC}") = "Penguin.Cms.Entities.Local", "..\Penguin.Cms.Entities\Penguin.Cms.Entities.Local.csproj", "{A440C582-2B0E-41D3-BBA2-D322B0D4CFA9}"
EndProject
Project("{FAE04EC0-301F-11D3-BF4B-00C04F79EFBC}") = "Penguin.Persistence.Abstractions.Local", "..\Penguin.Persistence.Abstractions\Penguin.Persistence.Abstractions.Local.csproj", "{DED88992-4D92-4B43-8FF0-F516222B9835}"
EndProject
Project("{FAE04EC0-301F-11D3-BF4B-00C04F79EFBC}") = "Penguin.Entities.Abstractions.Local", "..\Penguin.Entities.Abstractions\Penguin.Entities.Abstractions.Local.csproj", "{5FEBB36A-5412-4B5C-81C2-DC781E6440B5}"
EndProject
Project("{FAE04EC0-301F-11D3-BF4B-00C04F79EFBC}") = "Penguin.Reflection.Extensions.Local", "..\Penguin.Reflection.Extensions\Penguin.Reflection.Extensions.Local.csproj", "{816B7476-3FFA-475F-ADA3-FEBC41D33AA2}"
EndProject
Project("{FAE04EC0-301F-11D3-BF4B-00C04F79EFBC}") = "Penguin.Extensions.String.Local", "..\Penguin.Extensions.String\Penguin.Extensions.String.Local.csproj", "{4EC2AF39-0AEF-47A2-B06F-17AAA2947F9B}"
EndProject
Project("{FAE04EC0-301F-11D3-BF4B-00C04F79EFBC}") = "Penguin.Reflection.Abstractions.Local", "..\Penguin.Reflection.Abstractions\Penguin.Reflection.Abstractions.Local.csproj", "{F23F84BB-DA58-4AC0-A374-1BDDB1FC27FE}"
EndProject
Project("{FAE04EC0-301F-11D3-BF4B-00C04F79EFBC}") = "Penguin.Security.Abstractions.Local", "..\Penguin.Security.Abstractions\Penguin.Security.Abstractions.Local.csproj", "{41C1A817-9643-4ACC-90A3-27D305CF69AB}"
EndProject
Project("{FAE04EC0-301F-11D3-BF4B-00C04F79EFBC}") = "Penguin.Web.Abstractions.Local", "..\Penguin.Web.Abstractions\Penguin.Web.Abstractions.Local.csproj", "{ED268BA2-6C2E-46A1-9E35-4EB472F3DDE6}"
EndProject
Global
	GlobalSection(SolutionConfigurationPlatforms) = preSolution
		Debug|Any CPU = Debug|Any CPU
		Debug|x64 = Debug|x64
		Debug|x86 = Debug|x86
		Release|Any CPU = Release|Any CPU
		Release|x64 = Release|x64
		Release|x86 = Release|x86
	EndGlobalSection
	GlobalSection(SolutionProperties) = preSolution
		HideSolutionNode = FALSE
	EndGlobalSection
	GlobalSection(ProjectConfigurationPlatforms) = postSolution
		{D1DD25C7-FC39-4E72-876C-FC3E8C7ED164}.Debug|Any CPU.ActiveCfg = Debug|Any CPU
		{D1DD25C7-FC39-4E72-876C-FC3E8C7ED164}.Debug|Any CPU.Build.0 = Debug|Any CPU
		{D1DD25C7-FC39-4E72-876C-FC3E8C7ED164}.Debug|x64.ActiveCfg = Debug|Any CPU
		{D1DD25C7-FC39-4E72-876C-FC3E8C7ED164}.Debug|x64.Build.0 = Debug|Any CPU
		{D1DD25C7-FC39-4E72-876C-FC3E8C7ED164}.Debug|x86.ActiveCfg = Debug|Any CPU
		{D1DD25C7-FC39-4E72-876C-FC3E8C7ED164}.Debug|x86.Build.0 = Debug|Any CPU
		{D1DD25C7-FC39-4E72-876C-FC3E8C7ED164}.Release|Any CPU.ActiveCfg = Release|Any CPU
		{D1DD25C7-FC39-4E72-876C-FC3E8C7ED164}.Release|Any CPU.Build.0 = Release|Any CPU
		{D1DD25C7-FC39-4E72-876C-FC3E8C7ED164}.Release|x64.ActiveCfg = Release|Any CPU
		{D1DD25C7-FC39-4E72-876C-FC3E8C7ED164}.Release|x64.Build.0 = Release|Any CPU
		{D1DD25C7-FC39-4E72-876C-FC3E8C7ED164}.Release|x86.ActiveCfg = Release|Any CPU
		{D1DD25C7-FC39-4E72-876C-FC3E8C7ED164}.Release|x86.Build.0 = Release|Any CPU
		{A440C582-2B0E-41D3-BBA2-D322B0D4CFA9}.Debug|Any CPU.ActiveCfg = Debug|Any CPU
		{A440C582-2B0E-41D3-BBA2-D322B0D4CFA9}.Debug|Any CPU.Build.0 = Debug|Any CPU
		{A440C582-2B0E-41D3-BBA2-D322B0D4CFA9}.Debug|x64.ActiveCfg = Debug|Any CPU
		{A440C582-2B0E-41D3-BBA2-D322B0D4CFA9}.Debug|x64.Build.0 = Debug|Any CPU
		{A440C582-2B0E-41D3-BBA2-D322B0D4CFA9}.Debug|x86.ActiveCfg = Debug|Any CPU
		{A440C582-2B0E-41D3-BBA2-D322B0D4CFA9}.Debug|x86.Build.0 = Debug|Any CPU
		{A440C582-2B0E-41D3-BBA2-D322B0D4CFA9}.Release|Any CPU.ActiveCfg = Release|Any CPU
		{A440C582-2B0E-41D3-BBA2-D322B0D4CFA9}.Release|Any CPU.Build.0 = Release|Any CPU
		{A440C582-2B0E-41D3-BBA2-D322B0D4CFA9}.Release|x64.ActiveCfg = Release|Any CPU
		{A440C582-2B0E-41D3-BBA2-D322B0D4CFA9}.Release|x64.Build.0 = Release|Any CPU
		{A440C582-2B0E-41D3-BBA2-D322B0D4CFA9}.Release|x86.ActiveCfg = Release|Any CPU
		{A440C582-2B0E-41D3-BBA2-D322B0D4CFA9}.Release|x86.Build.0 = Release|Any CPU
		{DED88992-4D92-4B43-8FF0-F516222B9835}.Debug|Any CPU.ActiveCfg = Debug|Any CPU
		{DED88992-4D92-4B43-8FF0-F516222B9835}.Debug|Any CPU.Build.0 = Debug|Any CPU
		{DED88992-4D92-4B43-8FF0-F516222B9835}.Debug|x64.ActiveCfg = Debug|Any CPU
		{DED88992-4D92-4B43-8FF0-F516222B9835}.Debug|x64.Build.0 = Debug|Any CPU
		{DED88992-4D92-4B43-8FF0-F516222B9835}.Debug|x86.ActiveCfg = Debug|Any CPU
		{DED88992-4D92-4B43-8FF0-F516222B9835}.Debug|x86.Build.0 = Debug|Any CPU
		{DED88992-4D92-4B43-8FF0-F516222B9835}.Release|Any CPU.ActiveCfg = Release|Any CPU
		{DED88992-4D92-4B43-8FF0-F516222B9835}.Release|Any CPU.Build.0 = Release|Any CPU
		{DED88992-4D92-4B43-8FF0-F516222B9835}.Release|x64.ActiveCfg = Release|Any CPU
		{DED88992-4D92-4B43-8FF0-F516222B9835}.Release|x64.Build.0 = Release|Any CPU
		{DED88992-4D92-4B43-8FF0-F516222B9835}.Release|x86.ActiveCfg = Release|Any CPU
		{DED88992-4D92-4B43-8FF0-F516222B9835}.Release|x86.Build.0 = Release|Any CPU
		{5FEBB36A-5412-4B5C-81C2-DC781E6440B5}.Debug|Any CPU.ActiveCfg = Debug|Any CPU
		{5FEBB36A-5412-4B5C-81C2-DC781E6440B5}.Debug|Any CPU.Build.0 = Debug|Any CPU
		{5FEBB36A-5412-4B5C-81C2-DC781E6440B5}.Debug|x64.ActiveCfg = Debug|Any CPU
		{5FEBB36A-5412-4B5C-81C2-DC781E6440B5}.Debug|x64.Build.0 = Debug|Any CPU
		{5FEBB36A-5412-4B5C-81C2-DC781E6440B5}.Debug|x86.ActiveCfg = Debug|Any CPU
		{5FEBB36A-5412-4B5C-81C2-DC781E6440B5}.Debug|x86.Build.0 = Debug|Any CPU
		{5FEBB36A-5412-4B5C-81C2-DC781E6440B5}.Release|Any CPU.ActiveCfg = Release|Any CPU
		{5FEBB36A-5412-4B5C-81C2-DC781E6440B5}.Release|Any CPU.Build.0 = Release|Any CPU
		{5FEBB36A-5412-4B5C-81C2-DC781E6440B5}.Release|x64.ActiveCfg = Release|Any CPU
		{5FEBB36A-5412-4B5C-81C2-DC781E6440B5}.Release|x64.Build.0 = Release|Any CPU
		{5FEBB36A-5412-4B5C-81C2-DC781E6440B5}.Release|x86.ActiveCfg = Release|Any CPU
		{5FEBB36A-5412-4B5C-81C2-DC781E6440B5}.Release|x86.Build.0 = Release|Any CPU
		{816B7476-3FFA-475F-ADA3-FEBC41D33AA2}.Debug|Any CPU.ActiveCfg = Debug|Any CPU
		{816B7476-3FFA-475F-ADA3-FEBC41D33AA2}.Debug|Any CPU.Build.0 = Debug|Any CPU
		{816B7476-3FFA-475F-ADA3-FEBC41D33AA2}.Debug|x64.ActiveCfg = Debug|Any CPU
		{816B7476-3FFA-475F-ADA3-FEBC41D33AA2}.Debug|x64.Build.0 = Debug|Any CPU
		{816B7476-3FFA-475F-ADA3-FEBC41D33AA2}.Debug|x86.ActiveCfg = Debug|Any CPU
		{816B7476-3FFA-475F-ADA3-FEBC41D33AA2}.Debug|x86.Build.0 = Debug|Any CPU
		{816B7476-3FFA-475F-ADA3-FEBC41D33AA2}.Release|Any CPU.ActiveCfg = Release|Any CPU
		{816B7476-3FFA-475F-ADA3-FEBC41D33AA2}.Release|Any CPU.Build.0 = Release|Any CPU
		{816B7476-3FFA-475F-ADA3-FEBC41D33AA2}.Release|x64.ActiveCfg = Release|Any CPU
		{816B7476-3FFA-475F-ADA3-FEBC41D33AA2}.Release|x64.Build.0 = Release|Any CPU
		{816B7476-3FFA-475F-ADA3-FEBC41D33AA2}.Release|x86.ActiveCfg = Release|Any CPU
		{816B7476-3FFA-475F-ADA3-FEBC41D33AA2}.Release|x86.Build.0 = Release|Any CPU
		{4EC2AF39-0AEF-47A2-B06F-17AAA2947F9B}.Debug|Any CPU.ActiveCfg = Debug|Any CPU
		{4EC2AF39-0AEF-47A2-B06F-17AAA2947F9B}.Debug|Any CPU.Build.0 = Debug|Any CPU
		{4EC2AF39-0AEF-47A2-B06F-17AAA2947F9B}.Debug|x64.ActiveCfg = Debug|Any CPU
		{4EC2AF39-0AEF-47A2-B06F-17AAA2947F9B}.Debug|x64.Build.0 = Debug|Any CPU
		{4EC2AF39-0AEF-47A2-B06F-17AAA2947F9B}.Debug|x86.ActiveCfg = Debug|Any CPU
		{4EC2AF39-0AEF-47A2-B06F-17AAA2947F9B}.Debug|x86.Build.0 = Debug|Any CPU
		{4EC2AF39-0AEF-47A2-B06F-17AAA2947F9B}.Release|Any CPU.ActiveCfg = Release|Any CPU
		{4EC2AF39-0AEF-47A2-B06F-17AAA2947F9B}.Release|Any CPU.Build.0 = Release|Any CPU
		{4EC2AF39-0AEF-47A2-B06F-17AAA2947F9B}.Release|x64.ActiveCfg = Release|Any CPU
		{4EC2AF39-0AEF-47A2-B06F-17AAA2947F9B}.Release|x64.Build.0 = Release|Any CPU
		{4EC2AF39-0AEF-47A2-B06F-17AAA2947F9B}.Release|x86.ActiveCfg = Release|Any CPU
		{4EC2AF39-0AEF-47A2-B06F-17AAA2947F9B}.Release|x86.Build.0 = Release|Any CPU
		{F23F84BB-DA58-4AC0-A374-1BDDB1FC27FE}.Debug|Any CPU.ActiveCfg = Debug|Any CPU
		{F23F84BB-DA58-4AC0-A374-1BDDB1FC27FE}.Debug|Any CPU.Build.0 = Debug|Any CPU
		{F23F84BB-DA58-4AC0-A374-1BDDB1FC27FE}.Debug|x64.ActiveCfg = Debug|Any CPU
		{F23F84BB-DA58-4AC0-A374-1BDDB1FC27FE}.Debug|x64.Build.0 = Debug|Any CPU
		{F23F84BB-DA58-4AC0-A374-1BDDB1FC27FE}.Debug|x86.ActiveCfg = Debug|Any CPU
		{F23F84BB-DA58-4AC0-A374-1BDDB1FC27FE}.Debug|x86.Build.0 = Debug|Any CPU
		{F23F84BB-DA58-4AC0-A374-1BDDB1FC27FE}.Release|Any CPU.ActiveCfg = Release|Any CPU
		{F23F84BB-DA58-4AC0-A374-1BDDB1FC27FE}.Release|Any CPU.Build.0 = Release|Any CPU
		{F23F84BB-DA58-4AC0-A374-1BDDB1FC27FE}.Release|x64.ActiveCfg = Release|Any CPU
		{F23F84BB-DA58-4AC0-A374-1BDDB1FC27FE}.Release|x64.Build.0 = Release|Any CPU
		{F23F84BB-DA58-4AC0-A374-1BDDB1FC27FE}.Release|x86.ActiveCfg = Release|Any CPU
		{F23F84BB-DA58-4AC0-A374-1BDDB1FC27FE}.Release|x86.Build.0 = Release|Any CPU
		{41C1A817-9643-4ACC-90A3-27D305CF69AB}.Debug|Any CPU.ActiveCfg = Debug|Any CPU
		{41C1A817-9643-4ACC-90A3-27D305CF69AB}.Debug|Any CPU.Build.0 = Debug|Any CPU
		{41C1A817-9643-4ACC-90A3-27D305CF69AB}.Debug|x64.ActiveCfg = Debug|Any CPU
		{41C1A817-9643-4ACC-90A3-27D305CF69AB}.Debug|x64.Build.0 = Debug|Any CPU
		{41C1A817-9643-4ACC-90A3-27D305CF69AB}.Debug|x86.ActiveCfg = Debug|Any CPU
		{41C1A817-9643-4ACC-90A3-27D305CF69AB}.Debug|x86.Build.0 = Debug|Any CPU
		{41C1A817-9643-4ACC-90A3-27D305CF69AB}.Release|Any CPU.ActiveCfg = Release|Any CPU
		{41C1A817-9643-4ACC-90A3-27D305CF69AB}.Release|Any CPU.Build.0 = Release|Any CPU
		{41C1A817-9643-4ACC-90A3-27D305CF69AB}.Release|x64.ActiveCfg = Release|Any CPU
		{41C1A817-9643-4ACC-90A3-27D305CF69AB}.Release|x64.Build.0 = Release|Any CPU
		{41C1A817-9643-4ACC-90A3-27D305CF69AB}.Release|x86.ActiveCfg = Release|Any CPU
		{41C1A817-9643-4ACC-90A3-27D305CF69AB}.Release|x86.Build.0 = Release|Any CPU
		{ED268BA2-6C2E-46A1-9E35-4EB472F3DDE6}.Debug|Any CPU.ActiveCfg = Debug|Any CPU
		{ED268BA2-6C2E-46A1-9E35-4EB472F3DDE6}.Debug|Any CPU.Build.0 = Debug|Any CPU
		{ED268BA2-6C2E-46A1-9E35-4EB472F3DDE6}.Debug|x64.ActiveCfg = Debug|Any CPU
		{ED268BA2-6C2E-46A1-9E35-4EB472F3DDE6}.Debug|x64.Build.0 = Debug|Any CPU
		{ED268BA2-6C2E-46A1-9E35-4EB472F3DDE6}.Debug|x86.ActiveCfg = Debug|Any CPU
		{ED268BA2-6C2E-46A1-9E35-4EB472F3DDE6}.Debug|x86.Build.0 = Debug|Any CPU
		{ED268BA2-6C2E-46A1-9E35-4EB472F3DDE6}.Release|Any CPU.ActiveCfg = Release|Any CPU
		{ED268BA2-6C2E-46A1-9E35-4EB472F3DDE6}.Release|Any CPU.Build.0 = Release|Any CPU
		{ED268BA2-6C2E-46A1-9E35-4EB472F3DDE6}.Release|x64.ActiveCfg = Release|Any CPU
		{ED268BA2-6C2E-46A1-9E35-4EB472F3DDE6}.Release|x64.Build.0 = Release|Any CPU
		{ED268BA2-6C2E-46A1-9E35-4EB472F3DDE6}.Release|x86.ActiveCfg = Release|Any CPU
		{ED268BA2-6C2E-46A1-9E35-4EB472F3DDE6}.Release|x86.Build.0 = Release|Any CPU
	EndGlobalSection
EndGlobal
