
Microsoft Visual Studio Solution File, Format Version 12.00
# Visual Studio Version 16
VisualStudioVersion = 16.6.30114.105
MinimumVisualStudioVersion = 10.0.40219.1
Project("{FAE04EC0-301F-11D3-BF4B-00C04F79EFBC}") = "Penguin.Cms.Web.Analytics.Local", "Penguin.Cms.Web.Analytics.Local.csproj", "{12AC67ED-AAA0-458C-98CF-4480C3FAF678}"
EndProject
Project("{FAE04EC0-301F-11D3-BF4B-00C04F79EFBC}") = "Penguin.Web.Abstractions.Local", "..\Penguin.Web.Abstractions\Penguin.Web.Abstractions.Local.csproj", "{1180D59C-5B89-42D6-ACFF-3068BE348EA3}"
EndProject
Project("{FAE04EC0-301F-11D3-BF4B-00C04F79EFBC}") = "Penguin.Security.Abstractions.Local", "..\Penguin.Security.Abstractions\Penguin.Security.Abstractions.Local.csproj", "{93B834EB-2E82-4612-9998-5ACF615AEC46}"
EndProject
Project("{FAE04EC0-301F-11D3-BF4B-00C04F79EFBC}") = "Penguin.Cms.Entities.Local", "..\Penguin.Cms.Entities\Penguin.Cms.Entities.Local.csproj", "{4AC9E91F-D134-48A1-80E1-401F15A5F03E}"
EndProject
Project("{FAE04EC0-301F-11D3-BF4B-00C04F79EFBC}") = "Penguin.Persistence.Abstractions.Local", "..\Penguin.Persistence.Abstractions\Penguin.Persistence.Abstractions.Local.csproj", "{0FA84838-1633-4585-B82B-1EC2C6B96F3C}"
EndProject
Project("{FAE04EC0-301F-11D3-BF4B-00C04F79EFBC}") = "Penguin.Entities.Abstractions.Local", "..\Penguin.Entities.Abstractions\Penguin.Entities.Abstractions.Local.csproj", "{36DF6581-F226-4360-A93A-B78D85A8C03F}"
EndProject
Project("{FAE04EC0-301F-11D3-BF4B-00C04F79EFBC}") = "Penguin.Reflection.Extensions.Local", "..\Penguin.Reflection.Extensions\Penguin.Reflection.Extensions.Local.csproj", "{61AFD7BA-0E99-4A39-81CA-66DFEFA3FBA6}"
EndProject
Project("{FAE04EC0-301F-11D3-BF4B-00C04F79EFBC}") = "Penguin.Reflection.Abstractions.Local", "..\Penguin.Reflection.Abstractions\Penguin.Reflection.Abstractions.Local.csproj", "{CC80D2C6-FDFC-4A3A-925D-4172D564E4B9}"
EndProject
Project("{FAE04EC0-301F-11D3-BF4B-00C04F79EFBC}") = "Penguin.Extensions.String.Local", "..\Penguin.Extensions.String\Penguin.Extensions.String.Local.csproj", "{86E69321-DADF-42E4-99BD-BA54738EA1A5}"
EndProject
Global
	GlobalSection(SolutionConfigurationPlatforms) = preSolution
		Debug|Any CPU = Debug|Any CPU
		Debug|x64 = Debug|x64
		Debug|x86 = Debug|x86
		Release|Any CPU = Release|Any CPU
		Release|x64 = Release|x64
		Release|x86 = Release|x86
	EndGlobalSection
	GlobalSection(SolutionProperties) = preSolution
		HideSolutionNode = FALSE
	EndGlobalSection
	GlobalSection(ProjectConfigurationPlatforms) = postSolution
		{12AC67ED-AAA0-458C-98CF-4480C3FAF678}.Debug|Any CPU.ActiveCfg = Debug|Any CPU
		{12AC67ED-AAA0-458C-98CF-4480C3FAF678}.Debug|Any CPU.Build.0 = Debug|Any CPU
		{12AC67ED-AAA0-458C-98CF-4480C3FAF678}.Debug|x64.ActiveCfg = Debug|Any CPU
		{12AC67ED-AAA0-458C-98CF-4480C3FAF678}.Debug|x64.Build.0 = Debug|Any CPU
		{12AC67ED-AAA0-458C-98CF-4480C3FAF678}.Debug|x86.ActiveCfg = Debug|Any CPU
		{12AC67ED-AAA0-458C-98CF-4480C3FAF678}.Debug|x86.Build.0 = Debug|Any CPU
		{12AC67ED-AAA0-458C-98CF-4480C3FAF678}.Release|Any CPU.ActiveCfg = Release|Any CPU
		{12AC67ED-AAA0-458C-98CF-4480C3FAF678}.Release|Any CPU.Build.0 = Release|Any CPU
		{12AC67ED-AAA0-458C-98CF-4480C3FAF678}.Release|x64.ActiveCfg = Release|Any CPU
		{12AC67ED-AAA0-458C-98CF-4480C3FAF678}.Release|x64.Build.0 = Release|Any CPU
		{12AC67ED-AAA0-458C-98CF-4480C3FAF678}.Release|x86.ActiveCfg = Release|Any CPU
		{12AC67ED-AAA0-458C-98CF-4480C3FAF678}.Release|x86.Build.0 = Release|Any CPU
		{1180D59C-5B89-42D6-ACFF-3068BE348EA3}.Debug|Any CPU.ActiveCfg = Debug|Any CPU
		{1180D59C-5B89-42D6-ACFF-3068BE348EA3}.Debug|Any CPU.Build.0 = Debug|Any CPU
		{1180D59C-5B89-42D6-ACFF-3068BE348EA3}.Debug|x64.ActiveCfg = Debug|Any CPU
		{1180D59C-5B89-42D6-ACFF-3068BE348EA3}.Debug|x64.Build.0 = Debug|Any CPU
		{1180D59C-5B89-42D6-ACFF-3068BE348EA3}.Debug|x86.ActiveCfg = Debug|Any CPU
		{1180D59C-5B89-42D6-ACFF-3068BE348EA3}.Debug|x86.Build.0 = Debug|Any CPU
		{1180D59C-5B89-42D6-ACFF-3068BE348EA3}.Release|Any CPU.ActiveCfg = Release|Any CPU
		{1180D59C-5B89-42D6-ACFF-3068BE348EA3}.Release|Any CPU.Build.0 = Release|Any CPU
		{1180D59C-5B89-42D6-ACFF-3068BE348EA3}.Release|x64.ActiveCfg = Release|Any CPU
		{1180D59C-5B89-42D6-ACFF-3068BE348EA3}.Release|x64.Build.0 = Release|Any CPU
		{1180D59C-5B89-42D6-ACFF-3068BE348EA3}.Release|x86.ActiveCfg = Release|Any CPU
		{1180D59C-5B89-42D6-ACFF-3068BE348EA3}.Release|x86.Build.0 = Release|Any CPU
		{93B834EB-2E82-4612-9998-5ACF615AEC46}.Debug|Any CPU.ActiveCfg = Debug|Any CPU
		{93B834EB-2E82-4612-9998-5ACF615AEC46}.Debug|Any CPU.Build.0 = Debug|Any CPU
		{93B834EB-2E82-4612-9998-5ACF615AEC46}.Debug|x64.ActiveCfg = Debug|Any CPU
		{93B834EB-2E82-4612-9998-5ACF615AEC46}.Debug|x64.Build.0 = Debug|Any CPU
		{93B834EB-2E82-4612-9998-5ACF615AEC46}.Debug|x86.ActiveCfg = Debug|Any CPU
		{93B834EB-2E82-4612-9998-5ACF615AEC46}.Debug|x86.Build.0 = Debug|Any CPU
		{93B834EB-2E82-4612-9998-5ACF615AEC46}.Release|Any CPU.ActiveCfg = Release|Any CPU
		{93B834EB-2E82-4612-9998-5ACF615AEC46}.Release|Any CPU.Build.0 = Release|Any CPU
		{93B834EB-2E82-4612-9998-5ACF615AEC46}.Release|x64.ActiveCfg = Release|Any CPU
		{93B834EB-2E82-4612-9998-5ACF615AEC46}.Release|x64.Build.0 = Release|Any CPU
		{93B834EB-2E82-4612-9998-5ACF615AEC46}.Release|x86.ActiveCfg = Release|Any CPU
		{93B834EB-2E82-4612-9998-5ACF615AEC46}.Release|x86.Build.0 = Release|Any CPU
		{4AC9E91F-D134-48A1-80E1-401F15A5F03E}.Debug|Any CPU.ActiveCfg = Debug|Any CPU
		{4AC9E91F-D134-48A1-80E1-401F15A5F03E}.Debug|Any CPU.Build.0 = Debug|Any CPU
		{4AC9E91F-D134-48A1-80E1-401F15A5F03E}.Debug|x64.ActiveCfg = Debug|Any CPU
		{4AC9E91F-D134-48A1-80E1-401F15A5F03E}.Debug|x64.Build.0 = Debug|Any CPU
		{4AC9E91F-D134-48A1-80E1-401F15A5F03E}.Debug|x86.ActiveCfg = Debug|Any CPU
		{4AC9E91F-D134-48A1-80E1-401F15A5F03E}.Debug|x86.Build.0 = Debug|Any CPU
		{4AC9E91F-D134-48A1-80E1-401F15A5F03E}.Release|Any CPU.ActiveCfg = Release|Any CPU
		{4AC9E91F-D134-48A1-80E1-401F15A5F03E}.Release|Any CPU.Build.0 = Release|Any CPU
		{4AC9E91F-D134-48A1-80E1-401F15A5F03E}.Release|x64.ActiveCfg = Release|Any CPU
		{4AC9E91F-D134-48A1-80E1-401F15A5F03E}.Release|x64.Build.0 = Release|Any CPU
		{4AC9E91F-D134-48A1-80E1-401F15A5F03E}.Release|x86.ActiveCfg = Release|Any CPU
		{4AC9E91F-D134-48A1-80E1-401F15A5F03E}.Release|x86.Build.0 = Release|Any CPU
		{0FA84838-1633-4585-B82B-1EC2C6B96F3C}.Debug|Any CPU.ActiveCfg = Debug|Any CPU
		{0FA84838-1633-4585-B82B-1EC2C6B96F3C}.Debug|Any CPU.Build.0 = Debug|Any CPU
		{0FA84838-1633-4585-B82B-1EC2C6B96F3C}.Debug|x64.ActiveCfg = Debug|Any CPU
		{0FA84838-1633-4585-B82B-1EC2C6B96F3C}.Debug|x64.Build.0 = Debug|Any CPU
		{0FA84838-1633-4585-B82B-1EC2C6B96F3C}.Debug|x86.ActiveCfg = Debug|Any CPU
		{0FA84838-1633-4585-B82B-1EC2C6B96F3C}.Debug|x86.Build.0 = Debug|Any CPU
		{0FA84838-1633-4585-B82B-1EC2C6B96F3C}.Release|Any CPU.ActiveCfg = Release|Any CPU
		{0FA84838-1633-4585-B82B-1EC2C6B96F3C}.Release|Any CPU.Build.0 = Release|Any CPU
		{0FA84838-1633-4585-B82B-1EC2C6B96F3C}.Release|x64.ActiveCfg = Release|Any CPU
		{0FA84838-1633-4585-B82B-1EC2C6B96F3C}.Release|x64.Build.0 = Release|Any CPU
		{0FA84838-1633-4585-B82B-1EC2C6B96F3C}.Release|x86.ActiveCfg = Release|Any CPU
		{0FA84838-1633-4585-B82B-1EC2C6B96F3C}.Release|x86.Build.0 = Release|Any CPU
		{36DF6581-F226-4360-A93A-B78D85A8C03F}.Debug|Any CPU.ActiveCfg = Debug|Any CPU
		{36DF6581-F226-4360-A93A-B78D85A8C03F}.Debug|Any CPU.Build.0 = Debug|Any CPU
		{36DF6581-F226-4360-A93A-B78D85A8C03F}.Debug|x64.ActiveCfg = Debug|Any CPU
		{36DF6581-F226-4360-A93A-B78D85A8C03F}.Debug|x64.Build.0 = Debug|Any CPU
		{36DF6581-F226-4360-A93A-B78D85A8C03F}.Debug|x86.ActiveCfg = Debug|Any CPU
		{36DF6581-F226-4360-A93A-B78D85A8C03F}.Debug|x86.Build.0 = Debug|Any CPU
		{36DF6581-F226-4360-A93A-B78D85A8C03F}.Release|Any CPU.ActiveCfg = Release|Any CPU
		{36DF6581-F226-4360-A93A-B78D85A8C03F}.Release|Any CPU.Build.0 = Release|Any CPU
		{36DF6581-F226-4360-A93A-B78D85A8C03F}.Release|x64.ActiveCfg = Release|Any CPU
		{36DF6581-F226-4360-A93A-B78D85A8C03F}.Release|x64.Build.0 = Release|Any CPU
		{36DF6581-F226-4360-A93A-B78D85A8C03F}.Release|x86.ActiveCfg = Release|Any CPU
		{36DF6581-F226-4360-A93A-B78D85A8C03F}.Release|x86.Build.0 = Release|Any CPU
		{61AFD7BA-0E99-4A39-81CA-66DFEFA3FBA6}.Debug|Any CPU.ActiveCfg = Debug|Any CPU
		{61AFD7BA-0E99-4A39-81CA-66DFEFA3FBA6}.Debug|Any CPU.Build.0 = Debug|Any CPU
		{61AFD7BA-0E99-4A39-81CA-66DFEFA3FBA6}.Debug|x64.ActiveCfg = Debug|Any CPU
		{61AFD7BA-0E99-4A39-81CA-66DFEFA3FBA6}.Debug|x64.Build.0 = Debug|Any CPU
		{61AFD7BA-0E99-4A39-81CA-66DFEFA3FBA6}.Debug|x86.ActiveCfg = Debug|Any CPU
		{61AFD7BA-0E99-4A39-81CA-66DFEFA3FBA6}.Debug|x86.Build.0 = Debug|Any CPU
		{61AFD7BA-0E99-4A39-81CA-66DFEFA3FBA6}.Release|Any CPU.ActiveCfg = Release|Any CPU
		{61AFD7BA-0E99-4A39-81CA-66DFEFA3FBA6}.Release|Any CPU.Build.0 = Release|Any CPU
		{61AFD7BA-0E99-4A39-81CA-66DFEFA3FBA6}.Release|x64.ActiveCfg = Release|Any CPU
		{61AFD7BA-0E99-4A39-81CA-66DFEFA3FBA6}.Release|x64.Build.0 = Release|Any CPU
		{61AFD7BA-0E99-4A39-81CA-66DFEFA3FBA6}.Release|x86.ActiveCfg = Release|Any CPU
		{61AFD7BA-0E99-4A39-81CA-66DFEFA3FBA6}.Release|x86.Build.0 = Release|Any CPU
		{CC80D2C6-FDFC-4A3A-925D-4172D564E4B9}.Debug|Any CPU.ActiveCfg = Debug|Any CPU
		{CC80D2C6-FDFC-4A3A-925D-4172D564E4B9}.Debug|Any CPU.Build.0 = Debug|Any CPU
		{CC80D2C6-FDFC-4A3A-925D-4172D564E4B9}.Debug|x64.ActiveCfg = Debug|Any CPU
		{CC80D2C6-FDFC-4A3A-925D-4172D564E4B9}.Debug|x64.Build.0 = Debug|Any CPU
		{CC80D2C6-FDFC-4A3A-925D-4172D564E4B9}.Debug|x86.ActiveCfg = Debug|Any CPU
		{CC80D2C6-FDFC-4A3A-925D-4172D564E4B9}.Debug|x86.Build.0 = Debug|Any CPU
		{CC80D2C6-FDFC-4A3A-925D-4172D564E4B9}.Release|Any CPU.ActiveCfg = Release|Any CPU
		{CC80D2C6-FDFC-4A3A-925D-4172D564E4B9}.Release|Any CPU.Build.0 = Release|Any CPU
		{CC80D2C6-FDFC-4A3A-925D-4172D564E4B9}.Release|x64.ActiveCfg = Release|Any CPU
		{CC80D2C6-FDFC-4A3A-925D-4172D564E4B9}.Release|x64.Build.0 = Release|Any CPU
		{CC80D2C6-FDFC-4A3A-925D-4172D564E4B9}.Release|x86.ActiveCfg = Release|Any CPU
		{CC80D2C6-FDFC-4A3A-925D-4172D564E4B9}.Release|x86.Build.0 = Release|Any CPU
		{86E69321-DADF-42E4-99BD-BA54738EA1A5}.Debug|Any CPU.ActiveCfg = Debug|Any CPU
		{86E69321-DADF-42E4-99BD-BA54738EA1A5}.Debug|Any CPU.Build.0 = Debug|Any CPU
		{86E69321-DADF-42E4-99BD-BA54738EA1A5}.Debug|x64.ActiveCfg = Debug|Any CPU
		{86E69321-DADF-42E4-99BD-BA54738EA1A5}.Debug|x64.Build.0 = Debug|Any CPU
		{86E69321-DADF-42E4-99BD-BA54738EA1A5}.Debug|x86.ActiveCfg = Debug|Any CPU
		{86E69321-DADF-42E4-99BD-BA54738EA1A5}.Debug|x86.Build.0 = Debug|Any CPU
		{86E69321-DADF-42E4-99BD-BA54738EA1A5}.Release|Any CPU.ActiveCfg = Release|Any CPU
		{86E69321-DADF-42E4-99BD-BA54738EA1A5}.Release|Any CPU.Build.0 = Release|Any CPU
		{86E69321-DADF-42E4-99BD-BA54738EA1A5}.Release|x64.ActiveCfg = Release|Any CPU
		{86E69321-DADF-42E4-99BD-BA54738EA1A5}.Release|x64.Build.0 = Release|Any CPU
		{86E69321-DADF-42E4-99BD-BA54738EA1A5}.Release|x86.ActiveCfg = Release|Any CPU
		{86E69321-DADF-42E4-99BD-BA54738EA1A5}.Release|x86.Build.0 = Release|Any CPU
	EndGlobalSection
EndGlobal
